{
  "version": "5",
  "specifiers": {
    "jsr:@gapotchenko/deno-cgi@^1.0.2": "1.0.2",
    "jsr:@std/bytes@^1.0.6": "1.0.6",
    "jsr:@std/net@^1.0.6": "1.0.6",
    "jsr:@std/streams@^1.0.12": "1.1.1",
    "jsr:@std/streams@^1.1.1": "1.1.1",
    "npm:arkenv@~0.12.1": "0.12.1_arktype@2.2.0",
    "npm:arktype@^2.2.0": "2.2.0",
    "npm:cgi@~0.3.1": "0.3.1",
    "npm:execa@9.6.1": "9.6.1",
    "npm:type-fest@^5.7.0": "5.7.0"
  },
  "jsr": {
    "@gapotchenko/deno-cgi@1.0.2": {
      "integrity": "45574bc54f22eb0983bb38dd4d1e019be645bb5cff9a0d8585b278fb0957287d",
      "dependencies": [
        "jsr:@std/streams@^1.0.12"
      ]
    },
    "@std/bytes@1.0.6": {
      "integrity": "f6ac6adbd8ccd99314045f5703e23af0a68d7f7e58364b47d2c7f408aeb5820a"
    },
    "@std/net@1.0.6": {
      "integrity": "110735f93e95bb9feb95790a8b1d1bf69ec0dc74f3f97a00a76ea5efea25500c"
    },
    "@std/streams@1.1.1": {
      "integrity": "92556d350e537e9dce527a6d08f6f15be3ff65e656079dea69d15252187c7613",
      "dependencies": [
        "jsr:@std/bytes"
      ]
    }
  },
  "npm": {
    "@ark/schema@0.56.0": {
      "integrity": "sha512-ECg3hox/6Z/nLajxXqNhgPtNdHWC9zNsDyskwO28WinoFEnWow4IsERNz9AnXRhTZJnYIlAJ4uGn3nlLk65vZA==",
      "dependencies": [
        "@ark/util"
      ]
    },
    "@ark/util@0.56.0": {
      "integrity": "sha512-BghfRC8b9pNs3vBoDJhcta0/c1J1rsoS1+HgVUreMFPdhz/CRAKReAu57YEllNaSy98rWAdY1gE+gFup7OXpgA=="
    },
    "@sec-ant/readable-stream@0.4.1": {
      "integrity": "sha512-831qok9r2t8AlxLko40y2ebgSDhenenCatLVeW/uBtnHPyhHOvG0C7TvfgecV+wHzIm5KUICgzmVpWS+IMEAeg=="
    },
    "@sindresorhus/merge-streams@4.0.0": {
      "integrity": "sha512-tlqY9xq5ukxTUZBmoOp+m61cqwQD5pHJtFY3Mn8CA8ps6yghLH/Hw8UPdqg4OLmFW3IFlcXnQNmo/dh8HzXYIQ=="
    },
    "arkenv@0.12.1_arktype@2.2.0": {
      "integrity": "sha512-333Lq0PkklFDRtsXtCk9OVWHfyDY3Q32goCBmsbJqy9+3iARj0EkXIo5BjuUeIadEs5jRFzmX/4QPiw+AyU/Fg==",
      "dependencies": [
        "arktype"
      ],
      "optionalPeers": [
        "arktype"
      ]
    },
    "arkregex@0.0.5": {
      "integrity": "sha512-ncYjBdLlh5/QnVsAA8De16Tc9EqmYM7y/WU9j+236KcyYNUXogpz3sC4ATIZYzzLxwI+0sEOaQLEmLmRleaEXw==",
      "dependencies": [
        "@ark/util"
      ]
    },
    "arktype@2.2.0": {
      "integrity": "sha512-t54MZ7ti5BhOEvzEkgKnWvqj+UbDfWig+DHr5I34xatymPusKLS0lQpNJd8M6DzmIto2QGszHfNKoFIT8tMCZQ==",
      "dependencies": [
        "@ark/schema",
        "@ark/util",
        "arkregex"
      ]
    },
    "bufferjs@3.0.1": {
      "integrity": "sha512-qrCIGPcd9ODawCNyqR2o55zgaC/r7XHZ7oUh2s99uk+NVBS3SjIHigxS1S2KXpt8wsoQxAN55iPi8GIH8TGMRg=="
    },
    "bufferlist@0.1.0": {
      "integrity": "sha512-cg77q4YhmxV+/e7WhrShHGyOgey0GowZwg0cfXKCz5v3wfx73pUyrsnLnGY7DQZnjhtvmAaSMrf045zuJpDGDg=="
    },
    "cgi@0.3.1": {
      "integrity": "sha512-V8UI9xBCOBKkuw1UEnD5NxHNuYDGCN3q4FncqNXPDpsSEQWwBShqUrvxIf+nL31hMHc5RCbkAuUy4r7j0wx00A==",
      "dependencies": [
        "debug",
        "extend",
        "header-stack",
        "stream-stack"
      ]
    },
    "cross-spawn@7.0.6": {
      "integrity": "sha512-uV2QOWP2nWzsy2aMp8aRibhi9dlzF5Hgh5SHaB9OiTGEyDTiJJyx0uy51QXdyWbtAHNua4XJzUKca3OzKUd3vA==",
      "dependencies": [
        "path-key@3.1.1",
        "shebang-command",
        "which"
      ]
    },
    "debug@2.6.9": {
      "integrity": "sha512-bC7ElrdJaJnPbAP+1EotYvqZsb3ecl5wi6Bfi6BJTUcNowp6cvspg0jXznRTKDjm/E7AdgFBVeAPVMNcKGsHMA==",
      "dependencies": [
        "ms"
      ]
    },
    "execa@9.6.1": {
      "integrity": "sha512-9Be3ZoN4LmYR90tUoVu2te2BsbzHfhJyfEiAVfz7N5/zv+jduIfLrV2xdQXOHbaD6KgpGdO9PRPM1Y4Q9QkPkA==",
      "dependencies": [
        "@sindresorhus/merge-streams",
        "cross-spawn",
        "figures",
        "get-stream",
        "human-signals",
        "is-plain-obj",
        "is-stream",
        "npm-run-path",
        "pretty-ms",
        "signal-exit",
        "strip-final-newline",
        "yoctocolors"
      ]
    },
    "extend@2.0.2": {
      "integrity": "sha512-AgFD4VU+lVLP6vjnlNfF7OeInLTyeyckCNPEsuxz1vi786UuK/nk6ynPuhn/h+Ju9++TQyr5EpLRI14fc1QtTQ=="
    },
    "figures@6.1.0": {
      "integrity": "sha512-d+l3qxjSesT4V7v2fh+QnmFnUWv9lSpjarhShNTgBOfA0ttejbQUAlHLitbjkoRiDulW0OPoQPYIGhIC8ohejg==",
      "dependencies": [
        "is-unicode-supported"
      ]
    },
    "get-stream@9.0.1": {
      "integrity": "sha512-kVCxPF3vQM/N0B1PmoqVUqgHP+EeVjmZSQn+1oCRPxd2P21P2F19lIgbR3HBosbB1PUhOAoctJnfEn2GbN2eZA==",
      "dependencies": [
        "@sec-ant/readable-stream",
        "is-stream"
      ]
    },
    "header-stack@0.0.2": {
      "integrity": "sha512-/Qs4VDHOv6/d7V59PxaNJvXUnk9er47KViQLa1l03dxvSzStHuAIN6cHMY1hHH/o+ceROmzaDLje918QKty0Jw==",
      "dependencies": [
        "bufferjs",
        "bufferlist",
        "stream-stack"
      ]
    },
    "human-signals@8.0.1": {
      "integrity": "sha512-eKCa6bwnJhvxj14kZk5NCPc6Hb6BdsU9DZcOnmQKSnO1VKrfV0zCvtttPZUsBvjmNDn8rpcJfpwSYnHBjc95MQ=="
    },
    "is-plain-obj@4.1.0": {
      "integrity": "sha512-+Pgi+vMuUNkJyExiMBt5IlFoMyKnr5zhJ4Uspz58WOhBF5QoIZkFyNHIbBAtHwzVAgk5RtndVNsDRN61/mmDqg=="
    },
    "is-stream@4.0.1": {
      "integrity": "sha512-Dnz92NInDqYckGEUJv689RbRiTSEHCQ7wOVeALbkOz999YpqT46yMRIGtSNl2iCL1waAZSx40+h59NV/EwzV/A=="
    },
    "is-unicode-supported@2.1.0": {
      "integrity": "sha512-mE00Gnza5EEB3Ds0HfMyllZzbBrmLOX3vfWoj9A9PEnTfratQ/BcaJOuMhnkhjXvb2+FkY3VuHqtAGpTPmglFQ=="
    },
    "isexe@2.0.0": {
      "integrity": "sha512-RHxMLp9lnKHGHRng9QFhRCMbYAcVpn69smSGcq3f36xjgVVWThj4qqLbTLlq7Ssj8B+fIQ1EuCEGI2lKsyQeIw=="
    },
    "ms@2.0.0": {
      "integrity": "sha512-Tpp60P6IUJDTuOq/5Z8cdskzJujfwqfOTkrwIwj7IRISpnkJnT6SyJ4PCPnGMoFjC9ddhal5KVIYtAt97ix05A=="
    },
    "npm-run-path@6.0.0": {
      "integrity": "sha512-9qny7Z9DsQU8Ou39ERsPU4OZQlSTP47ShQzuKZ6PRXpYLtIFgl/DEBYEXKlvcEa+9tHVcK8CF81Y2V72qaZhWA==",
      "dependencies": [
        "path-key@4.0.0",
        "unicorn-magic"
      ]
    },
    "parse-ms@4.0.0": {
      "integrity": "sha512-TXfryirbmq34y8QBwgqCVLi+8oA3oWx2eAnSn62ITyEhEYaWRlVZ2DvMM9eZbMs/RfxPu/PK/aBLyGj4IrqMHw=="
    },
    "path-key@3.1.1": {
      "integrity": "sha512-ojmeN0qd+y0jszEtoY48r0Peq5dwMEkIlCOu6Q5f41lfkswXuKtYrhgoTpLnyIcHm24Uhqx+5Tqm2InSwLhE6Q=="
    },
    "path-key@4.0.0": {
      "integrity": "sha512-haREypq7xkM7ErfgIyA0z+Bj4AGKlMSdlQE2jvJo6huWD1EdkKYV+G/T4nq0YEF2vgTT8kqMFKo1uHn950r4SQ=="
    },
    "pretty-ms@9.3.0": {
      "integrity": "sha512-gjVS5hOP+M3wMm5nmNOucbIrqudzs9v/57bWRHQWLYklXqoXKrVfYW2W9+glfGsqtPgpiz5WwyEEB+ksXIx3gQ==",
      "dependencies": [
        "parse-ms"
      ]
    },
    "shebang-command@2.0.0": {
      "integrity": "sha512-kHxr2zZpYtdmrN1qDjrrX/Z1rR1kG8Dx+gkpK1G4eXmvXswmcE1hTWBWYUzlraYw1/yZp6YuDY77YtvbN0dmDA==",
      "dependencies": [
        "shebang-regex"
      ]
    },
    "shebang-regex@3.0.0": {
      "integrity": "sha512-7++dFhtcx3353uBaq8DDR4NuxBetBzC7ZQOhmTQInHEd6bSrXdiEyzCvG07Z44UYdLShWUyXt5M/yhz8ekcb1A=="
    },
    "signal-exit@4.1.0": {
      "integrity": "sha512-bzyZ1e88w9O1iNJbKnOlvYTrWPDl46O1bG0D3XInv+9tkPrxrN8jUUTiFlDkkmKWgn1M6CfIA13SuGqOa9Korw=="
    },
    "stream-stack@1.1.4": {
      "integrity": "sha512-bmRYXVkxuyuiK3kvf54hgfLpv2TGlNzXE9S/DCPV82HqhcDonPFuRBWpeQUCpnRrprVCqXwrxVTq9WDwrrsLTg=="
    },
    "strip-final-newline@4.0.0": {
      "integrity": "sha512-aulFJcD6YK8V1G7iRB5tigAP4TsHBZZrOV8pjV++zdUwmeV8uzbY7yn6h9MswN62adStNZFuCIx4haBnRuMDaw=="
    },
    "tagged-tag@1.0.0": {
      "integrity": "sha512-yEFYrVhod+hdNyx7g5Bnkkb0G6si8HJurOoOEgC8B/O0uXLHlaey/65KRv6cuWBNhBgHKAROVpc7QyYqE5gFng=="
    },
    "type-fest@5.7.0": {
      "integrity": "sha512-1URUxUqfHFM1c+zfSPsa3gnkO7Aq21qyH75SIduNYz4SzY964rn1X2vCMQaHSHhktiw+0kPa2iyb6PUpXqB6Vg==",
      "dependencies": [
        "tagged-tag"
      ]
    },
    "unicorn-magic@0.3.0": {
      "integrity": "sha512-+QBBXBCvifc56fsbuxZQ6Sic3wqqc3WWaqxs58gvJrcOuN83HGTCwz3oS5phzU9LthRNE9VrJCFCLUgHeeFnfA=="
    },
    "which@2.0.2": {
      "integrity": "sha512-BLI3Tl1TW3Pvl70l3yq3Y64i+awpwXqsGBYWkkqMtnbXgrMD+yj7rhW0kuEDxzJaYXGjEW5ogapKNMEKNMjibA==",
      "dependencies": [
        "isexe"
      ],
      "bin": true
    },
    "yoctocolors@2.1.2": {
      "integrity": "sha512-CzhO+pFNo8ajLM2d2IW/R93ipy99LWjtwblvC1RsoSUMZgyLbYFr221TnSNT7GjGdYui6P459mw9JH/g/zW2ug=="
    }
  },
  "remote": {
    "https://deno.land/x/fcgi@v2.1.2/mod.ts": "c2762c850977c40123214f608c44ecb9c0eb53f0d0cb84e838ef38facad1fdc5",
    "https://deno.land/x/fcgi@v2.1.2/private/addr.ts": "b78a223f0fffcbe3418664c621366b54fd2d53c8618a42eae01be25eb1f98971",
    "https://deno.land/x/fcgi@v2.1.2/private/client.ts": "3288c49c068c719caa173f781a69b0468d6cf2a17d42fa176d6c15041c17ac50",
    "https://deno.land/x/fcgi@v2.1.2/private/cookies.ts": "c891af00df8c76681b4275a5a320a00cffab41a430de0e164311e86d038df804",
    "https://deno.land/x/fcgi@v2.1.2/private/debug_assert.ts": "6cb085230804cda6dfabd21c550abe3da310519c1a115d044f33b5d8f55f8c0b",
    "https://deno.land/x/fcgi@v2.1.2/private/deno_ifaces.ts": "dbbd6eedc6d360542fc1e9877c139298e8f8d52796f97eb404ff8255df448fef",
    "https://deno.land/x/fcgi@v2.1.2/private/deps.ts": "4be128e38d963ea8ad2f93fc10c3f0710ea9565a72bdd238f77b02a0227fde8c",
    "https://deno.land/x/fcgi@v2.1.2/private/error.ts": "ff372f9603107597af6857ab76a12e2c81b1367918c4a79c6abf9aa3ffc3f98f",
    "https://deno.land/x/fcgi@v2.1.2/private/event_promises.ts": "5521bbc4d8302116d8f4d3f4ba4761db6d8e1ddb5c2839e558570e885f22d76f",
    "https://deno.land/x/fcgi@v2.1.2/private/fcgi.ts": "7f93387079de745efbbb2de0c0c4ea2cacd9c1a04519edfdea3b6c53c4ee4eee",
    "https://deno.land/x/fcgi@v2.1.2/private/fcgi_conn.ts": "307e1ab68fe748c81db11fe0043306050287f7b73a2468058891d9c9a97955f1",
    "https://deno.land/x/fcgi@v2.1.2/private/get.ts": "f367bb833686321cea41f0f63359bf5219c9183d897dba7994fcad1d65779a65",
    "https://deno.land/x/fcgi@v2.1.2/private/post.ts": "820398f25ab2ba4e2edae45ed33756ce8d060b64b1bb0a6c66f0e89f0deca29d",
    "https://deno.land/x/fcgi@v2.1.2/private/routes.ts": "2441686a946bd39e7f2a8e35353ef716116835dcee7d83af1685e89370ada5f5",
    "https://deno.land/x/fcgi@v2.1.2/private/server.ts": "5cd6ca04f75cef86ba95eaa703e3bbcb01149e1f20ae31b42e9c5627351914b3",
    "https://deno.land/x/fcgi@v2.1.2/private/server_request.ts": "fab44460b82f7a9d73dbcf83af6bf94102ce7c1588f92628c8c1aa159a8e3778",
    "https://deno.land/x/fcgi@v2.1.2/private/server_response.ts": "b32b28c0dec541f291044c320339f4b13ab62976fed2e81a6f70c8dbe6f21b23",
    "https://deno.land/x/fcgi@v2.1.2/private/set_cookies.ts": "e7caff670f6d07b9abb0e1be161461705317844b199c39ccddc822e307793edb",
    "https://deno.land/x/fcgi@v2.1.2/private/structured_map.ts": "f754bd0289f0da4d3a64d1b319c655be5d888ec84e8cb187e62c260cfcc2267e",
    "https://deno.land/x/fcgi@v2.1.2/private/util.ts": "7aa2961b1f23787dfc27beb0d068bb23ac957d3930e93c19766580efcda2fc72",
    "https://deno.land/x/path_to_regexp@v6.2.0/index.ts": "e94c04a44bbecac99ff2db2d831afe98b423e627b775cb57fc7935f848c64c51",
    "https://deno.land/x/water@v1.0.27/mod.ts": "4dd6d05a0717fa7783364780c44f258a68b0ae66ebe0222bc05343a4fd6b7d58",
    "https://deno.land/x/water@v1.0.27/private/common.ts": "7712450ae9a0bfc059af5c474a10cfe9a71dc37e08e930c087bf7ae327f8bcf7",
    "https://deno.land/x/water@v1.0.27/private/piper.ts": "cc1615c781abb9f1fc6acc882d998d23ad9df9908e0490c18e9fe43db0664bfc",
    "https://deno.land/x/water@v1.0.27/private/rd_stream.ts": "c14ff1018e79f85caf5b66c31ab511f4abf04c1d3faa98acab3435dba8881b7d",
    "https://deno.land/x/water@v1.0.27/private/tee.ts": "4537dd0cc9cfe8d1f55214db152efbc29f657ca382cfe55ac3b13a833dff9438",
    "https://deno.land/x/water@v1.0.27/private/tr_stream.ts": "38b82a75492fc87854e0ca3d02c5a818e50624fd432ed160f655b1c095f86233",
    "https://deno.land/x/water@v1.0.27/private/wr_stream.ts": "54b71854867a885a55bff27fe2417adcbb0b8f8ab5cc8b9689824b2877f42b26"
  },
  "workspace": {
    "dependencies": [
      "jsr:@gapotchenko/deno-cgi@^1.0.2",
      "jsr:@std/net@^1.0.6",
      "jsr:@std/streams@^1.1.1",
      "npm:arkenv@~0.12.1",
      "npm:arktype@^2.2.0",
      "npm:cgi@~0.3.1",
      "npm:type-fest@^5.7.0"
    ]
  }
}
